
Microsoft Visual Studio Solution File, Format Version 12.00
# Visual Studio 15
Project("{FAE04EC0-301F-11D3-BF4B-00C04F79EFBC}") = "Unity.RenderPipelines.Universal.Runtime", "Unity.RenderPipelines.Universal.Runtime.csproj", "{2AA03B76-0666-C1B9-3BCE-419B634C5B84}"
EndProject
Project("{FAE04EC0-301F-11D3-BF4B-00C04F79EFBC}") = "Assembly-CSharp", "Assembly-CSharp.csproj", "{424B7D2F-9AB6-35E4-EC40-294393576F5E}"
EndProject
Project("{FAE04EC0-301F-11D3-BF4B-00C04F79EFBC}") = "sc.stylizedwater2.runtime", "sc.stylizedwater2.runtime.csproj", "{38FBA999-E87C-1342-7EFF-FE4E8C33177D}"
EndProject
Project("{FAE04EC0-301F-11D3-BF4B-00C04F79EFBC}") = "Assembly-CSharp-firstpass", "Assembly-CSharp-firstpass.csproj", "{A33AE885-B5E9-65FF-7EE8-709E04BDF093}"
EndProject
Project("{FAE04EC0-301F-11D3-BF4B-00C04F79EFBC}") = "Assembly-CSharp-Editor", "Assembly-CSharp-Editor.csproj", "{21A41115-9318-54B5-365B-BE95E403CBE7}"
EndProject
Project("{FAE04EC0-301F-11D3-BF4B-00C04F79EFBC}") = "sc.stylizedwater2.editor", "sc.stylizedwater2.editor.csproj", "{1275A5FE-D01C-B2DB-05CF-1FCA283327BA}"
EndProject
Global
	GlobalSection(SolutionConfigurationPlatforms) = preSolution
		Debug|Any CPU = Debug|Any CPU
		Release|Any CPU = Release|Any CPU
	EndGlobalSection
	GlobalSection(ProjectConfigurationPlatforms) = postSolution
		{2AA03B76-0666-C1B9-3BCE-419B634C5B84}.Debug|Any CPU.ActiveCfg = Debug|Any CPU
		{2AA03B76-0666-C1B9-3BCE-419B634C5B84}.Debug|Any CPU.Build.0 = Debug|Any CPU
		{2AA03B76-0666-C1B9-3BCE-419B634C5B84}.Release|Any CPU.ActiveCfg = Release|Any CPU
		{2AA03B76-0666-C1B9-3BCE-419B634C5B84}.Release|Any CPU.Build.0 = Release|Any CPU
		{424B7D2F-9AB6-35E4-EC40-294393576F5E}.Debug|Any CPU.ActiveCfg = Debug|Any CPU
		{424B7D2F-9AB6-35E4-EC40-294393576F5E}.Debug|Any CPU.Build.0 = Debug|Any CPU
		{424B7D2F-9AB6-35E4-EC40-294393576F5E}.Release|Any CPU.ActiveCfg = Release|Any CPU
		{424B7D2F-9AB6-35E4-EC40-294393576F5E}.Release|Any CPU.Build.0 = Release|Any CPU
		{38FBA999-E87C-1342-7EFF-FE4E8C33177D}.Debug|Any CPU.ActiveCfg = Debug|Any CPU
		{38FBA999-E87C-1342-7EFF-FE4E8C33177D}.Debug|Any CPU.Build.0 = Debug|Any CPU
		{38FBA999-E87C-1342-7EFF-FE4E8C33177D}.Release|Any CPU.ActiveCfg = Release|Any CPU
		{38FBA999-E87C-1342-7EFF-FE4E8C33177D}.Release|Any CPU.Build.0 = Release|Any CPU
		{A33AE885-B5E9-65FF-7EE8-709E04BDF093}.Debug|Any CPU.ActiveCfg = Debug|Any CPU
		{A33AE885-B5E9-65FF-7EE8-709E04BDF093}.Debug|Any CPU.Build.0 = Debug|Any CPU
		{A33AE885-B5E9-65FF-7EE8-709E04BDF093}.Release|Any CPU.ActiveCfg = Release|Any CPU
		{A33AE885-B5E9-65FF-7EE8-709E04BDF093}.Release|Any CPU.Build.0 = Release|Any CPU
		{21A41115-9318-54B5-365B-BE95E403CBE7}.Debug|Any CPU.ActiveCfg = Debug|Any CPU
		{21A41115-9318-54B5-365B-BE95E403CBE7}.Debug|Any CPU.Build.0 = Debug|Any CPU
		{21A41115-9318-54B5-365B-BE95E403CBE7}.Release|Any CPU.ActiveCfg = Release|Any CPU
		{21A41115-9318-54B5-365B-BE95E403CBE7}.Release|Any CPU.Build.0 = Release|Any CPU
		{1275A5FE-D01C-B2DB-05CF-1FCA283327BA}.Debug|Any CPU.ActiveCfg = Debug|Any CPU
		{1275A5FE-D01C-B2DB-05CF-1FCA283327BA}.Debug|Any CPU.Build.0 = Debug|Any CPU
		{1275A5FE-D01C-B2DB-05CF-1FCA283327BA}.Release|Any CPU.ActiveCfg = Release|Any CPU
		{1275A5FE-D01C-B2DB-05CF-1FCA283327BA}.Release|Any CPU.Build.0 = Release|Any CPU
	EndGlobalSection
	GlobalSection(SolutionProperties) = preSolution
		HideSolutionNode = FALSE
	EndGlobalSection
EndGlobal
